// !$*UTF8*$!
{
	archiveVersion = 1;
	classes = {
	};
	objectVersion = 46;
	objects = {

/* Begin PBXBuildFile section */
		747C8B95158F3FC5008FF26A /* Cocoa.framework in Frameworks */ = {isa = PBXBuildFile; fileRef = 747C8B94158F3FC5008FF26A /* Cocoa.framework */; };
		747C8B9F158F3FC5008FF26A /* InfoPlist.strings in Resources */ = {isa = PBXBuildFile; fileRef = 747C8B9D158F3FC5008FF26A /* InfoPlist.strings */; };
		747C8BA1158F3FC5008FF26A /* main.m in Sources */ = {isa = PBXBuildFile; fileRef = 747C8BA0158F3FC5008FF26A /* main.m */; };
		747C8BA5158F3FC5008FF26A /* Credits.rtf in Resources */ = {isa = PBXBuildFile; fileRef = 747C8BA3158F3FC5008FF26A /* Credits.rtf */; };
		747C8BA8158F3FC5008FF26A /* DKAppDelegate.m in Sources */ = {isa = PBXBuildFile; fileRef = 747C8BA7158F3FC5008FF26A /* DKAppDelegate.m */; };
		747C8BAB158F3FC6008FF26A /* MainMenu.xib in Resources */ = {isa = PBXBuildFile; fileRef = 747C8BA9158F3FC5008FF26A /* MainMenu.xib */; };
		747C8BB2158F3FDE008FF26A /* PixD.icns in Resources */ = {isa = PBXBuildFile; fileRef = 747C8BB1158F3FDE008FF26A /* PixD.icns */; };
		747C8BB5158F400C008FF26A /* DKParser.m in Sources */ = {isa = PBXBuildFile; fileRef = 747C8BB4158F400C008FF26A /* DKParser.m */; };
		747C8BB8158F41A6008FF26A /* NSString+DKStringExtension.m in Sources */ = {isa = PBXBuildFile; fileRef = 747C8BB7158F41A6008FF26A /* NSString+DKStringExtension.m */; };
/* End PBXBuildFile section */

/* Begin PBXFileReference section */
		747C8B90158F3FC5008FF26A /* PixD.app */ = {isa = PBXFileReference; explicitFileType = wrapper.application; includeInIndex = 0; path = PixD.app; sourceTree = BUILT_PRODUCTS_DIR; };
		747C8B94158F3FC5008FF26A /* Cocoa.framework */ = {isa = PBXFileReference; lastKnownFileType = wrapper.framework; name = Cocoa.framework; path = System/Library/Frameworks/Cocoa.framework; sourceTree = SDKROOT; };
		747C8B97158F3FC5008FF26A /* AppKit.framework */ = {isa = PBXFileReference; lastKnownFileType = wrapper.framework; name = AppKit.framework; path = System/Library/Frameworks/AppKit.framework; sourceTree = SDKROOT; };
		747C8B98158F3FC5008FF26A /* CoreData.framework */ = {isa = PBXFileReference; lastKnownFileType = wrapper.framework; name = CoreData.framework; path = System/Library/Frameworks/CoreData.framework; sourceTree = SDKROOT; };
		747C8B99158F3FC5008FF26A /* Foundation.framework */ = {isa = PBXFileReference; lastKnownFileType = wrapper.framework; name = Foundation.framework; path = System/Library/Frameworks/Foundation.framework; sourceTree = SDKROOT; };
		747C8B9C158F3FC5008FF26A /* PixD-Info.plist */ = {isa = PBXFileReference; lastKnownFileType = text.plist.xml; path = "PixD-Info.plist"; sourceTree = "<group>"; };
		747C8B9E158F3FC5008FF26A /* en */ = {isa = PBXFileReference; lastKnownFileType = text.plist.strings; name = en; path = en.lproj/InfoPlist.strings; sourceTree = "<group>"; };
		747C8BA0158F3FC5008FF26A /* main.m */ = {isa = PBXFileReference; lastKnownFileType = sourcecode.c.objc; path = main.m; sourceTree = "<group>"; };
		747C8BA2158F3FC5008FF26A /* PixD-Prefix.pch */ = {isa = PBXFileReference; lastKnownFileType = sourcecode.c.h; path = "PixD-Prefix.pch"; sourceTree = "<group>"; };
		747C8BA4158F3FC5008FF26A /* en */ = {isa = PBXFileReference; lastKnownFileType = text.rtf; name = en; path = en.lproj/Credits.rtf; sourceTree = "<group>"; };
		747C8BA6158F3FC5008FF26A /* DKAppDelegate.h */ = {isa = PBXFileReference; lastKnownFileType = sourcecode.c.h; path = DKAppDelegate.h; sourceTree = "<group>"; };
		747C8BA7158F3FC5008FF26A /* DKAppDelegate.m */ = {isa = PBXFileReference; lastKnownFileType = sourcecode.c.objc; path = DKAppDelegate.m; sourceTree = "<group>"; };
		747C8BAA158F3FC5008FF26A /* en */ = {isa = PBXFileReference; lastKnownFileType = file.xib; name = en; path = en.lproj/MainMenu.xib; sourceTree = "<group>"; };
		747C8BB1158F3FDE008FF26A /* PixD.icns */ = {isa = PBXFileReference; lastKnownFileType = image.icns; path = PixD.icns; sourceTree = "<group>"; };
		747C8BB3158F400C008FF26A /* DKParser.h */ = {isa = PBXFileReference; fileEncoding = 4; lastKnownFileType = sourcecode.c.h; path = DKParser.h; sourceTree = "<group>"; };
		747C8BB4158F400C008FF26A /* DKParser.m */ = {isa = PBXFileReference; fileEncoding = 4; lastKnownFileType = sourcecode.c.objc; path = DKParser.m; sourceTree = "<group>"; };
		747C8BB6158F41A6008FF26A /* NSString+DKStringExtension.h */ = {isa = PBXFileReference; fileEncoding = 4; lastKnownFileType = sourcecode.c.h; path = "NSString+DKStringExtension.h"; sourceTree = "<group>"; };
		747C8BB7158F41A6008FF26A /* NSString+DKStringExtension.m */ = {isa = PBXFileReference; fileEncoding = 4; lastKnownFileType = sourcecode.c.objc; path = "NSString+DKStringExtension.m"; sourceTree = "<group>"; };
/* End PBXFileReference section */

/* Begin PBXFrameworksBuildPhase section */
		747C8B8D158F3FC5008FF26A /* Frameworks */ = {
			isa = PBXFrameworksBuildPhase;
			buildActionMask = 2147483647;
			files = (
				747C8B95158F3FC5008FF26A /* Cocoa.framework in Frameworks */,
			);
			runOnlyForDeploymentPostprocessing = 0;
		};
/* End PBXFrameworksBuildPhase section */

/* Begin PBXGroup section */
		747C8B85158F3FC5008FF26A = {
			isa = PBXGroup;
			children = (
				747C8BB1158F3FDE008FF26A /* PixD.icns */,
				747C8B9A158F3FC5008FF26A /* PixD */,
				747C8B93158F3FC5008FF26A /* Frameworks */,
				747C8B91158F3FC5008FF26A /* Products */,
			);
			sourceTree = "<group>";
		};
		747C8B91158F3FC5008FF26A /* Products */ = {
			isa = PBXGroup;
			children = (
				747C8B90158F3FC5008FF26A /* PixD.app */,
			);
			name = Products;
			sourceTree = "<group>";
		};
		747C8B93158F3FC5008FF26A /* Frameworks */ = {
			isa = PBXGroup;
			children = (
				747C8B94158F3FC5008FF26A /* Cocoa.framework */,
				747C8B96158F3FC5008FF26A /* Other Frameworks */,
			);
			name = Frameworks;
			sourceTree = "<group>";
		};
		747C8B96158F3FC5008FF26A /* Other Frameworks */ = {
			isa = PBXGroup;
			children = (
				747C8B97158F3FC5008FF26A /* AppKit.framework */,
				747C8B98158F3FC5008FF26A /* CoreData.framework */,
				747C8B99158F3FC5008FF26A /* Foundation.framework */,
			);
			name = "Other Frameworks";
			sourceTree = "<group>";
		};
		747C8B9A158F3FC5008FF26A /* PixD */ = {
			isa = PBXGroup;
			children = (
				747C8BA6158F3FC5008FF26A /* DKAppDelegate.h */,
				747C8BA7158F3FC5008FF26A /* DKAppDelegate.m */,
				747C8BB3158F400C008FF26A /* DKParser.h */,
				747C8BB4158F400C008FF26A /* DKParser.m */,
				747C8BB6158F41A6008FF26A /* NSString+DKStringExtension.h */,
				747C8BB7158F41A6008FF26A /* NSString+DKStringExtension.m */,
				747C8BA9158F3FC5008FF26A /* MainMenu.xib */,
				747C8B9B158F3FC5008FF26A /* Supporting Files */,
			);
			path = PixD;
			sourceTree = "<group>";
		};
		747C8B9B158F3FC5008FF26A /* Supporting Files */ = {
			isa = PBXGroup;
			children = (
				747C8B9C158F3FC5008FF26A /* PixD-Info.plist */,
				747C8B9D158F3FC5008FF26A /* InfoPlist.strings */,
				747C8BA0158F3FC5008FF26A /* main.m */,
				747C8BA2158F3FC5008FF26A /* PixD-Prefix.pch */,
				747C8BA3158F3FC5008FF26A /* Credits.rtf */,
			);
			name = "Supporting Files";
			sourceTree = "<group>";
		};
/* End PBXGroup section */

/* Begin PBXNativeTarget section */
		747C8B8F158F3FC5008FF26A /* PixD */ = {
			isa = PBXNativeTarget;
			buildConfigurationList = 747C8BAE158F3FC6008FF26A /* Build configuration list for PBXNativeTarget "PixD" */;
			buildPhases = (
				747C8B8C158F3FC5008FF26A /* Sources */,
				747C8B8D158F3FC5008FF26A /* Frameworks */,
				747C8B8E158F3FC5008FF26A /* Resources */,
			);
			buildRules = (
			);
			dependencies = (
			);
			name = PixD;
			productName = PixD;
			productReference = 747C8B90158F3FC5008FF26A /* PixD.app */;
			productType = "com.apple.product-type.application";
		};
/* End PBXNativeTarget section */

/* Begin PBXProject section */
		747C8B87158F3FC5008FF26A /* Project object */ = {
			isa = PBXProject;
			attributes = {
				LastUpgradeCheck = 0420;
			};
			buildConfigurationList = 747C8B8A158F3FC5008FF26A /* Build configuration list for PBXProject "PixD" */;
			compatibilityVersion = "Xcode 3.2";
			developmentRegion = English;
			hasScannedForEncodings = 0;
			knownRegions = (
				en,
			);
			mainGroup = 747C8B85158F3FC5008FF26A;
			productRefGroup = 747C8B91158F3FC5008FF26A /* Products */;
			projectDirPath = "";
			projectRoot = "";
			targets = (
				747C8B8F158F3FC5008FF26A /* PixD */,
			);
		};
/* End PBXProject section */

/* Begin PBXResourcesBuildPhase section */
		747C8B8E158F3FC5008FF26A /* Resources */ = {
			isa = PBXResourcesBuildPhase;
			buildActionMask = 2147483647;
			files = (
				747C8B9F158F3FC5008FF26A /* InfoPlist.strings in Resources */,
				747C8BA5158F3FC5008FF26A /* Credits.rtf in Resources */,
				747C8BAB158F3FC6008FF26A /* MainMenu.xib in Resources */,
				747C8BB2158F3FDE008FF26A /* PixD.icns in Resources */,
			);
			runOnlyForDeploymentPostprocessing = 0;
		};
/* End PBXResourcesBuildPhase section */

/* Begin PBXSourcesBuildPhase section */
		747C8B8C158F3FC5008FF26A /* Sources */ = {
			isa = PBXSourcesBuildPhase;
			buildActionMask = 2147483647;
			files = (
				747C8BA1158F3FC5008FF26A /* main.m in Sources */,
				747C8BA8158F3FC5008FF26A /* DKAppDelegate.m in Sources */,
				747C8BB5158F400C008FF26A /* DKParser.m in Sources */,
				747C8BB8158F41A6008FF26A /* NSString+DKStringExtension.m in Sources */,
			);
			runOnlyForDeploymentPostprocessing = 0;
		};
/* End PBXSourcesBuildPhase section */

/* Begin PBXVariantGroup section */
		747C8B9D158F3FC5008FF26A /* InfoPlist.strings */ = {
			isa = PBXVariantGroup;
			children = (
				747C8B9E158F3FC5008FF26A /* en */,
			);
			name = InfoPlist.strings;
			sourceTree = "<group>";
		};
		747C8BA3158F3FC5008FF26A /* Credits.rtf */ = {
			isa = PBXVariantGroup;
			children = (
				747C8BA4158F3FC5008FF26A /* en */,
			);
			name = Credits.rtf;
			sourceTree = "<group>";
		};
		747C8BA9158F3FC5008FF26A /* MainMenu.xib */ = {
			isa = PBXVariantGroup;
			children = (
				747C8BAA158F3FC5008FF26A /* en */,
			);
			name = MainMenu.xib;
			sourceTree = "<group>";
		};
/* End PBXVariantGroup section */

/* Begin XCBuildConfiguration section */
		747C8BAC158F3FC6008FF26A /* Debug */ = {
			isa = XCBuildConfiguration;
			buildSettings = {
				ALWAYS_SEARCH_USER_PATHS = NO;
				ARCHS = "$(ARCHS_STANDARD_64_BIT)";
				CLANG_ENABLE_OBJC_ARC = YES;
				COPY_PHASE_STRIP = NO;
				GCC_C_LANGUAGE_STANDARD = gnu99;
				GCC_DYNAMIC_NO_PIC = NO;
				GCC_ENABLE_OBJC_EXCEPTIONS = YES;
				GCC_OPTIMIZATION_LEVEL = 0;
				GCC_PREPROCESSOR_DEFINITIONS = (
					"DEBUG=1",
					"$(inherited)",
				);
				GCC_SYMBOLS_PRIVATE_EXTERN = NO;
				GCC_VERSION = com.apple.compilers.llvm.clang.1_0;
				GCC_WARN_64_TO_32_BIT_CONVERSION = YES;
				GCC_WARN_ABOUT_MISSING_PROTOTYPES = YES;
				GCC_WARN_ABOUT_RETURN_TYPE = YES;
				GCC_WARN_UNUSED_VARIABLE = YES;
				MACOSX_DEPLOYMENT_TARGET = 10.7;
				ONLY_ACTIVE_ARCH = YES;
				SDKROOT = macosx;
			};
			name = Debug;
		};
		747C8BAD158F3FC6008FF26A /* Release */ = {
			isa = XCBuildConfiguration;
			buildSettings = {
				ALWAYS_SEARCH_USER_PATHS = NO;
				ARCHS = "$(ARCHS_STANDARD_64_BIT)";
				CLANG_ENABLE_OBJC_ARC = YES;
				COPY_PHASE_STRIP = YES;
				DEBUG_INFORMATION_FORMAT = "dwarf-with-dsym";
				GCC_C_LANGUAGE_STANDARD = gnu99;
				GCC_ENABLE_OBJC_EXCEPTIONS = YES;
				GCC_VERSION = com.apple.compilers.llvm.clang.1_0;
				GCC_WARN_64_TO_32_BIT_CONVERSION = YES;
				GCC_WARN_ABOUT_MISSING_PROTOTYPES = YES;
				GCC_WARN_ABOUT_RETURN_TYPE = YES;
				GCC_WARN_UNUSED_VARIABLE = YES;
				MACOSX_DEPLOYMENT_TARGET = 10.7;
				SDKROOT = macosx;
			};
			name = Release;
		};
		747C8BAF158F3FC6008FF26A /* Debug */ = {
			isa = XCBuildConfiguration;
			buildSettings = {
				GCC_PRECOMPILE_PREFIX_HEADER = YES;
				GCC_PREFIX_HEADER = "PixD/PixD-Prefix.pch";
				INFOPLIST_FILE = "PixD/PixD-Info.plist";
				PRODUCT_NAME = "$(TARGET_NAME)";
				WRAPPER_EXTENSION = app;
			};
			name = Debug;
		};
		747C8BB0158F3FC6008FF26A /* Release */ = {
			isa = XCBuildConfiguration;
			buildSettings = {
				GCC_PRECOMPILE_PREFIX_HEADER = YES;
				GCC_PREFIX_HEADER = "PixD/PixD-Prefix.pch";
				INFOPLIST_FILE = "PixD/PixD-Info.plist";
				PRODUCT_NAME = "$(TARGET_NAME)";
				WRAPPER_EXTENSION = app;
			};
			name = Release;
		};
/* End XCBuildConfiguration section */

/* Begin XCConfigurationList section */
		747C8B8A158F3FC5008FF26A /* Build configuration list for PBXProject "PixD" */ = {
			isa = XCConfigurationList;
			buildConfigurations = (
				747C8BAC158F3FC6008FF26A /* Debug */,
				747C8BAD158F3FC6008FF26A /* Release */,
			);
			defaultConfigurationIsVisible = 0;
			defaultConfigurationName = Release;
		};
		747C8BAE158F3FC6008FF26A /* Build configuration list for PBXNativeTarget "PixD" */ = {
			isa = XCConfigurationList;
			buildConfigurations = (
				747C8BAF158F3FC6008FF26A /* Debug */,
				747C8BB0158F3FC6008FF26A /* Release */,
			);
			defaultConfigurationIsVisible = 0;
			defaultConfigurationName = Release;
		};
/* End XCConfigurationList section */
	};
	rootObject = 747C8B87158F3FC5008FF26A /* Project object */;
}
